
Microsoft Visual Studio Solution File, Format Version 12.00
# Visual Studio 15
VisualStudioVersion = 15.0.26730.3
MinimumVisualStudioVersion = 10.0.40219.1
Project("{9A19103F-16F7-4668-BE54-9A1E7A4F7556}") = "Drapper.Validation", "Drapper.Validation\Drapper.Validation.csproj", "{0C9FC12F-853D-40CF-9F88-F57F47848161}"
EndProject
Project("{9A19103F-16F7-4668-BE54-9A1E7A4F7556}") = "Drapper.Validation.Tests", "Drapper.Validation.Tests\Drapper.Validation.Tests.csproj", "{2601A6AA-A97A-4669-81A1-6A0A39D46444}"
EndProject
Global
	GlobalSection(SolutionConfigurationPlatforms) = preSolution
		Debug|Any CPU = Debug|Any CPU
		Release|Any CPU = Release|Any CPU
	EndGlobalSection
	GlobalSection(ProjectConfigurationPlatforms) = postSolution
		{0C9FC12F-853D-40CF-9F88-F57F47848161}.Debug|Any CPU.ActiveCfg = Debug|Any CPU
		{0C9FC12F-853D-40CF-9F88-F57F47848161}.Debug|Any CPU.Build.0 = Debug|Any CPU
		{0C9FC12F-853D-40CF-9F88-F57F47848161}.Release|Any CPU.ActiveCfg = Release|Any CPU
		{0C9FC12F-853D-40CF-9F88-F57F47848161}.Release|Any CPU.Build.0 = Release|Any CPU
		{2601A6AA-A97A-4669-81A1-6A0A39D46444}.Debug|Any CPU.ActiveCfg = Debug|Any CPU
		{2601A6AA-A97A-4669-81A1-6A0A39D46444}.Debug|Any CPU.Build.0 = Debug|Any CPU
		{2601A6AA-A97A-4669-81A1-6A0A39D46444}.Release|Any CPU.ActiveCfg = Release|Any CPU
		{2601A6AA-A97A-4669-81A1-6A0A39D46444}.Release|Any CPU.Build.0 = Release|Any CPU
	EndGlobalSection
	GlobalSection(SolutionProperties) = preSolution
		HideSolutionNode = FALSE
	EndGlobalSection
	GlobalSection(ExtensibilityGlobals) = postSolution
		SolutionGuid = {CEA0ADD8-7B41-4913-8294-B9E5B19C2CAD}
	EndGlobalSection
EndGlobal
